PODS:
  - app_tracking_transparency (0.0.1):
    - Flutter
  - Flutter (1.0.0)
  - Google-Mobile-Ads-SDK (11.5.0):
    - GoogleUserMessagingPlatform (>= 1.1)
  - GoogleUserMessagingPlatform (2.4.0)
  - integration_test (0.0.1):
    - Flutter
  - PrebidMobile (2.2.2):
    - PrebidMobile/core (= 2.2.2)
  - PrebidMobile/core (2.2.2)
  - setupad_prebid_flutter (1.0.1):
    - Flutter
    - Google-Mobile-Ads-SDK
    - PrebidMobile

DEPENDENCIES:
  - app_tracking_transparency (from `.symlinks/plugins/app_tracking_transparency/ios`)
  - Flutter (from `Flutter`)
  - integration_test (from `.symlinks/plugins/integration_test/ios`)
  - setupad_prebid_flutter (from `.symlinks/plugins/setupad_prebid_flutter/ios`)

SPEC REPOS:
  trunk:
    - Google-Mobile-Ads-SDK
    - GoogleUserMessagingPlatform
    - PrebidMobile

EXTERNAL SOURCES:
  app_tracking_transparency:
    :path: ".symlinks/plugins/app_tracking_transparency/ios"
  Flutter:
    :path: Flutter
  integration_test:
    :path: ".symlinks/plugins/integration_test/ios"
  setupad_prebid_flutter:
    :path: ".symlinks/plugins/setupad_prebid_flutter/ios"

SPEC CHECKSUMS:
  app_tracking_transparency: e169b653478da7bb15a6c61209015378ca73e375
  Flutter: 50d75fe2f02b26cc09d224853bb45737f8b3214a
  Google-Mobile-Ads-SDK: 7db2098033ad3bfcd72a11e7503b49700a93029e
  GoogleUserMessagingPlatform: f131fa7978d2ba88d7426702b057c2cc318e6595
  integration_test: a1e7d09bd98eca2fc37aefd79d4f41ad37bdbbe5
  PrebidMobile: 4f1dde2ef33ff8ad089c233d715630ba68c8b475
  setupad_prebid_flutter: d5455c91aac708a5f9abb6d0fcee19f6a7b59c59

PODFILE CHECKSUM: 819463e6a0290f5a72f145ba7cde16e8b6ef0796

COCOAPODS: 1.15.2
